
Microsoft Visual Studio Solution File, Format Version 12.00
Project("{FAE04EC0-301F-11D3-BF4B-00C04F79EFBC}") = "MovieMngmtSystem.Api", "MovieMngmtSystem.Api\MovieMngmtSystem.Api.csproj", "{7038A92A-93E0-4FD2-BCC9-40947FD61335}"
EndProject
Project("{FAE04EC0-301F-11D3-BF4B-00C04F79EFBC}") = "MovieMngmtSystem.Application", "MovieMngmtSystem.Application\MovieMngmtSystem.Application.csproj", "{8CB6221A-9B53-4FC8-BEEE-0AEFDF10E8A1}"
EndProject
Project("{FAE04EC0-301F-11D3-BF4B-00C04F79EFBC}") = "MovieMngmtSystem.Infrastructure", "MovieMngmtSystem.Infrastructure\MovieMngmtSystem.Infrastructure.csproj", "{DC83DF7E-65F1-47BB-B53F-78E57ED4EE92}"
EndProject
Project("{FAE04EC0-301F-11D3-BF4B-00C04F79EFBC}") = "MovieMngmtSystem.Domain", "MovieMngmtSystem.Domain\MovieMngmtSystem.Domain.csproj", "{53418E09-7B46-40EE-B7EA-5034556FD114}"
EndProject
Project("{FAE04EC0-301F-11D3-BF4B-00C04F79EFBC}") = "MovieMngmtSystem.UnitTests", "MovieMngmtSystem.UnitTests\MovieMngmtSystem.UnitTests.csproj", "{3A8E0559-A9D7-461C-A7D0-99F42903C653}"
EndProject
Global
	GlobalSection(SolutionConfigurationPlatforms) = preSolution
		Debug|Any CPU = Debug|Any CPU
		Release|Any CPU = Release|Any CPU
	EndGlobalSection
	GlobalSection(ProjectConfigurationPlatforms) = postSolution
		{7038A92A-93E0-4FD2-BCC9-40947FD61335}.Debug|Any CPU.ActiveCfg = Debug|Any CPU
		{7038A92A-93E0-4FD2-BCC9-40947FD61335}.Debug|Any CPU.Build.0 = Debug|Any CPU
		{7038A92A-93E0-4FD2-BCC9-40947FD61335}.Release|Any CPU.ActiveCfg = Release|Any CPU
		{7038A92A-93E0-4FD2-BCC9-40947FD61335}.Release|Any CPU.Build.0 = Release|Any CPU
		{8CB6221A-9B53-4FC8-BEEE-0AEFDF10E8A1}.Debug|Any CPU.ActiveCfg = Debug|Any CPU
		{8CB6221A-9B53-4FC8-BEEE-0AEFDF10E8A1}.Debug|Any CPU.Build.0 = Debug|Any CPU
		{8CB6221A-9B53-4FC8-BEEE-0AEFDF10E8A1}.Release|Any CPU.ActiveCfg = Release|Any CPU
		{8CB6221A-9B53-4FC8-BEEE-0AEFDF10E8A1}.Release|Any CPU.Build.0 = Release|Any CPU
		{DC83DF7E-65F1-47BB-B53F-78E57ED4EE92}.Debug|Any CPU.ActiveCfg = Debug|Any CPU
		{DC83DF7E-65F1-47BB-B53F-78E57ED4EE92}.Debug|Any CPU.Build.0 = Debug|Any CPU
		{DC83DF7E-65F1-47BB-B53F-78E57ED4EE92}.Release|Any CPU.ActiveCfg = Release|Any CPU
		{DC83DF7E-65F1-47BB-B53F-78E57ED4EE92}.Release|Any CPU.Build.0 = Release|Any CPU
		{53418E09-7B46-40EE-B7EA-5034556FD114}.Debug|Any CPU.ActiveCfg = Debug|Any CPU
		{53418E09-7B46-40EE-B7EA-5034556FD114}.Debug|Any CPU.Build.0 = Debug|Any CPU
		{53418E09-7B46-40EE-B7EA-5034556FD114}.Release|Any CPU.ActiveCfg = Release|Any CPU
		{53418E09-7B46-40EE-B7EA-5034556FD114}.Release|Any CPU.Build.0 = Release|Any CPU
		{3A8E0559-A9D7-461C-A7D0-99F42903C653}.Debug|Any CPU.ActiveCfg = Debug|Any CPU
		{3A8E0559-A9D7-461C-A7D0-99F42903C653}.Debug|Any CPU.Build.0 = Debug|Any CPU
		{3A8E0559-A9D7-461C-A7D0-99F42903C653}.Release|Any CPU.ActiveCfg = Release|Any CPU
		{3A8E0559-A9D7-461C-A7D0-99F42903C653}.Release|Any CPU.Build.0 = Release|Any CPU
	EndGlobalSection
EndGlobal
